
Microsoft Visual Studio Solution File, Format Version 12.00
# Visual Studio 15
VisualStudioVersion = 15.0.28010.2036
MinimumVisualStudioVersion = 10.0.40219.1
Project("{FAE04EC0-301F-11D3-BF4B-00C04F79EFBC}") = "Hackathon", "Hackathon.csproj", "{0DEC4D6B-E194-48F1-A2CC-209F118B9180}"
EndProject
Global
	GlobalSection(SolutionConfigurationPlatforms) = preSolution
		Debug|Any CPU = Debug|Any CPU
		Release|Any CPU = Release|Any CPU
	EndGlobalSection
	GlobalSection(ProjectConfigurationPlatforms) = postSolution
		{0DEC4D6B-E194-48F1-A2CC-209F118B9180}.Debug|Any CPU.ActiveCfg = Debug|Any CPU
		{0DEC4D6B-E194-48F1-A2CC-209F118B9180}.Debug|Any CPU.Build.0 = Debug|Any CPU
		{0DEC4D6B-E194-48F1-A2CC-209F118B9180}.Release|Any CPU.ActiveCfg = Release|Any CPU
		{0DEC4D6B-E194-48F1-A2CC-209F118B9180}.Release|Any CPU.Build.0 = Release|Any CPU
	EndGlobalSection
	GlobalSection(SolutionProperties) = preSolution
		HideSolutionNode = FALSE
	EndGlobalSection
	GlobalSection(ExtensibilityGlobals) = postSolution
		SolutionGuid = {5512DFF5-D76C-4C0D-9E2D-A5D7ED3B1ED3}
	EndGlobalSection
EndGlobal
